
Microsoft Visual Studio Solution File, Format Version 12.00
Project("{FAE04EC0-301F-11D3-BF4B-00C04F79EFBC}") = "AspireApp.AppHost", "AspireApp.AppHost\AspireApp.AppHost.csproj", "{A79A0FFF-CDC4-4250-9E90-0F3AF14626B7}"
EndProject
Project("{FAE04EC0-301F-11D3-BF4B-00C04F79EFBC}") = "AspireApp.WebApp", "AspireApp.WebApp\AspireApp.WebApp.csproj", "{FDE251E9-5646-45C1-8302-67171D513863}"
EndProject
Project("{FAE04EC0-301F-11D3-BF4B-00C04F79EFBC}") = "AspireApp.ServiceDefaults", "AspireApp.ServiceDefaults\AspireApp.ServiceDefaults.csproj", "{B746FCF6-90F4-4B94-8EB3-F863CC2BACE3}"
EndProject
Global
	GlobalSection(SolutionConfigurationPlatforms) = preSolution
		Debug|Any CPU = Debug|Any CPU
		Release|Any CPU = Release|Any CPU
	EndGlobalSection
	GlobalSection(ProjectConfigurationPlatforms) = postSolution
		{A79A0FFF-CDC4-4250-9E90-0F3AF14626B7}.Debug|Any CPU.ActiveCfg = Debug|Any CPU
		{A79A0FFF-CDC4-4250-9E90-0F3AF14626B7}.Debug|Any CPU.Build.0 = Debug|Any CPU
		{A79A0FFF-CDC4-4250-9E90-0F3AF14626B7}.Release|Any CPU.ActiveCfg = Release|Any CPU
		{A79A0FFF-CDC4-4250-9E90-0F3AF14626B7}.Release|Any CPU.Build.0 = Release|Any CPU
		{FDE251E9-5646-45C1-8302-67171D513863}.Debug|Any CPU.ActiveCfg = Debug|Any CPU
		{FDE251E9-5646-45C1-8302-67171D513863}.Debug|Any CPU.Build.0 = Debug|Any CPU
		{FDE251E9-5646-45C1-8302-67171D513863}.Release|Any CPU.ActiveCfg = Release|Any CPU
		{FDE251E9-5646-45C1-8302-67171D513863}.Release|Any CPU.Build.0 = Release|Any CPU
		{B746FCF6-90F4-4B94-8EB3-F863CC2BACE3}.Debug|Any CPU.ActiveCfg = Debug|Any CPU
		{B746FCF6-90F4-4B94-8EB3-F863CC2BACE3}.Debug|Any CPU.Build.0 = Debug|Any CPU
		{B746FCF6-90F4-4B94-8EB3-F863CC2BACE3}.Release|Any CPU.ActiveCfg = Release|Any CPU
		{B746FCF6-90F4-4B94-8EB3-F863CC2BACE3}.Release|Any CPU.Build.0 = Release|Any CPU
	EndGlobalSection
EndGlobal
